
Microsoft Visual Studio Solution File, Format Version 12.00
# Visual Studio 15
VisualStudioVersion = 15.0.26430.6
MinimumVisualStudioVersion = 10.0.40219.1
Project("{FAE04EC0-301F-11D3-BF4B-00C04F79EFBC}") = "MarkdownSharpTests", "MarkdownSharpTests\MarkdownSharpTests.csproj", "{1F76D227-9B91-475B-9B64-B7A3D0EE7E3D}"
EndProject
Project("{FAE04EC0-301F-11D3-BF4B-00C04F79EFBC}") = "MarkdownSharp.Standard", "MarkdownSharp.Standard\MarkdownSharp.Standard.csproj", "{D26C3B53-0FAB-49C2-9674-70C859BCA868}"
EndProject
Global
	GlobalSection(SolutionConfigurationPlatforms) = preSolution
		Debug|Any CPU = Debug|Any CPU
		Release|Any CPU = Release|Any CPU
	EndGlobalSection
	GlobalSection(ProjectConfigurationPlatforms) = postSolution
		{1F76D227-9B91-475B-9B64-B7A3D0EE7E3D}.Debug|Any CPU.ActiveCfg = Debug|Any CPU
		{1F76D227-9B91-475B-9B64-B7A3D0EE7E3D}.Debug|Any CPU.Build.0 = Debug|Any CPU
		{1F76D227-9B91-475B-9B64-B7A3D0EE7E3D}.Release|Any CPU.ActiveCfg = Release|Any CPU
		{1F76D227-9B91-475B-9B64-B7A3D0EE7E3D}.Release|Any CPU.Build.0 = Release|Any CPU
		{D26C3B53-0FAB-49C2-9674-70C859BCA868}.Debug|Any CPU.ActiveCfg = Debug|Any CPU
		{D26C3B53-0FAB-49C2-9674-70C859BCA868}.Debug|Any CPU.Build.0 = Debug|Any CPU
		{D26C3B53-0FAB-49C2-9674-70C859BCA868}.Release|Any CPU.ActiveCfg = Release|Any CPU
		{D26C3B53-0FAB-49C2-9674-70C859BCA868}.Release|Any CPU.Build.0 = Release|Any CPU
	EndGlobalSection
	GlobalSection(SolutionProperties) = preSolution
		HideSolutionNode = FALSE
	EndGlobalSection
EndGlobal
